
Microsoft Visual Studio Solution File, Format Version 12.00
# Visual Studio 14
VisualStudioVersion = 14.0.25420.1
MinimumVisualStudioVersion = 10.0.40219.1
Project("{FAE04EC0-301F-11D3-BF4B-00C04F79EFBC}") = "PCSystem", "PCSystem\PCSystem.csproj", "{03996E2F-7A4C-4023-A07E-31788FF7036B}"
EndProject
Project("{FAE04EC0-301F-11D3-BF4B-00C04F79EFBC}") = "PCSystem.Tests", "PCSystem.Tests\PCSystem.Tests.csproj", "{4C657DBD-6ACA-4A55-810D-DB8A5BF6E931}"
EndProject
Global
	GlobalSection(SolutionConfigurationPlatforms) = preSolution
		Debug|Any CPU = Debug|Any CPU
		Release|Any CPU = Release|Any CPU
	EndGlobalSection
	GlobalSection(ProjectConfigurationPlatforms) = postSolution
		{03996E2F-7A4C-4023-A07E-31788FF7036B}.Debug|Any CPU.ActiveCfg = Debug|Any CPU
		{03996E2F-7A4C-4023-A07E-31788FF7036B}.Debug|Any CPU.Build.0 = Debug|Any CPU
		{03996E2F-7A4C-4023-A07E-31788FF7036B}.Release|Any CPU.ActiveCfg = Release|Any CPU
		{03996E2F-7A4C-4023-A07E-31788FF7036B}.Release|Any CPU.Build.0 = Release|Any CPU
		{4C657DBD-6ACA-4A55-810D-DB8A5BF6E931}.Debug|Any CPU.ActiveCfg = Debug|Any CPU
		{4C657DBD-6ACA-4A55-810D-DB8A5BF6E931}.Debug|Any CPU.Build.0 = Debug|Any CPU
		{4C657DBD-6ACA-4A55-810D-DB8A5BF6E931}.Release|Any CPU.ActiveCfg = Release|Any CPU
		{4C657DBD-6ACA-4A55-810D-DB8A5BF6E931}.Release|Any CPU.Build.0 = Release|Any CPU
	EndGlobalSection
	GlobalSection(SolutionProperties) = preSolution
		HideSolutionNode = FALSE
	EndGlobalSection
EndGlobal
